// !$*UTF8*$!
{
	archiveVersion = 1;
	classes = {
	};
	objectVersion = 63;
	objects = {

/* Begin PBXBuildFile section */
		65EF34B45CFCB6C05B091151 /* Pods_Example.framework in Frameworks */ = {isa = PBXBuildFile; fileRef = B09175309C615B82B4364B64 /* Pods_Example.framework */; };
		725B402F5A92E8F7C75BEC40 /* Pods_Example_ExampleUITests.framework in Frameworks */ = {isa = PBXBuildFile; fileRef = B6C89CC95B560C634219CC77 /* Pods_Example_ExampleUITests.framework */; };
		7C33BF962CD1004A00CC5CDA /* Preview Assets.xcassets in Resources */ = {isa = PBXBuildFile; fileRef = 7C33BF8F2CD1004A00CC5CDA /* Preview Assets.xcassets */; };
		7C33BF972CD1004A00CC5CDA /* Assets.xcassets in Resources */ = {isa = PBXBuildFile; fileRef = 7C33BF912CD1004A00CC5CDA /* Assets.xcassets */; };
		7C33BF982CD1004A00CC5CDA /* ContentView.swift in Sources */ = {isa = PBXBuildFile; fileRef = 7C33BF922CD1004A00CC5CDA /* ContentView.swift */; };
		7C33BF992CD1004A00CC5CDA /* ExampleApp.swift in Sources */ = {isa = PBXBuildFile; fileRef = 7C33BF942CD1004A00CC5CDA /* ExampleApp.swift */; };
		7C33BF9C2CD1004C00CC5CDA /* ExampleTests.swift in Sources */ = {isa = PBXBuildFile; fileRef = 7C33BF9A2CD1004C00CC5CDA /* ExampleTests.swift */; };
		7C33BFA02CD1004F00CC5CDA /* ExampleUITests.swift in Sources */ = {isa = PBXBuildFile; fileRef = 7C33BF9D2CD1004F00CC5CDA /* ExampleUITests.swift */; };
		7C33BFA12CD1004F00CC5CDA /* ExampleUITestsLaunchTests.swift in Sources */ = {isa = PBXBuildFile; fileRef = 7C33BF9E2CD1004F00CC5CDA /* ExampleUITestsLaunchTests.swift */; };
		816240A8B3DE42AE43C1187C /* Pods_ExampleTests.framework in Frameworks */ = {isa = PBXBuildFile; fileRef = 4DFB234159EE78C51A3AE3D2 /* Pods_ExampleTests.framework */; };
/* End PBXBuildFile section */

/* Begin PBXContainerItemProxy section */
		7C33BF732CD0FFD500CC5CDA /* PBXContainerItemProxy */ = {
			isa = PBXContainerItemProxy;
			containerPortal = 7C33BF592CD0FFD100CC5CDA /* Project object */;
			proxyType = 1;
			remoteGlobalIDString = 7C33BF602CD0FFD100CC5CDA;
			remoteInfo = Example;
		};
		7C33BF7D2CD0FFD500CC5CDA /* PBXContainerItemProxy */ = {
			isa = PBXContainerItemProxy;
			containerPortal = 7C33BF592CD0FFD100CC5CDA /* Project object */;
			proxyType = 1;
			remoteGlobalIDString = 7C33BF602CD0FFD100CC5CDA;
			remoteInfo = Example;
		};
/* End PBXContainerItemProxy section */

/* Begin PBXFileReference section */
		130EB26B3CF46984AE46EFB2 /* Pods-Example.release.xcconfig */ = {isa = PBXFileReference; includeInIndex = 1; lastKnownFileType = text.xcconfig; name = "Pods-Example.release.xcconfig"; path = "Target Support Files/Pods-Example/Pods-Example.release.xcconfig"; sourceTree = "<group>"; };
		177109C45C7684193B854DB0 /* Pods-ExampleTests.debug.xcconfig */ = {isa = PBXFileReference; includeInIndex = 1; lastKnownFileType = text.xcconfig; name = "Pods-ExampleTests.debug.xcconfig"; path = "Target Support Files/Pods-ExampleTests/Pods-ExampleTests.debug.xcconfig"; sourceTree = "<group>"; };
		26FDCAE47BEAE432995847E9 /* Pods-Example-ExampleUITests.debug.xcconfig */ = {isa = PBXFileReference; includeInIndex = 1; lastKnownFileType = text.xcconfig; name = "Pods-Example-ExampleUITests.debug.xcconfig"; path = "Target Support Files/Pods-Example-ExampleUITests/Pods-Example-ExampleUITests.debug.xcconfig"; sourceTree = "<group>"; };
		297A0C7009547FFFBE73495E /* Pods-ExampleTests.release.xcconfig */ = {isa = PBXFileReference; includeInIndex = 1; lastKnownFileType = text.xcconfig; name = "Pods-ExampleTests.release.xcconfig"; path = "Target Support Files/Pods-ExampleTests/Pods-ExampleTests.release.xcconfig"; sourceTree = "<group>"; };
		2A2E56E857F04AA39F95E688 /* Pods-Example-ExampleUITests.release.xcconfig */ = {isa = PBXFileReference; includeInIndex = 1; lastKnownFileType = text.xcconfig; name = "Pods-Example-ExampleUITests.release.xcconfig"; path = "Target Support Files/Pods-Example-ExampleUITests/Pods-Example-ExampleUITests.release.xcconfig"; sourceTree = "<group>"; };
		4DFB234159EE78C51A3AE3D2 /* Pods_ExampleTests.framework */ = {isa = PBXFileReference; explicitFileType = wrapper.framework; includeInIndex = 0; path = Pods_ExampleTests.framework; sourceTree = BUILT_PRODUCTS_DIR; };
		7C33BF612CD0FFD100CC5CDA /* Example.app */ = {isa = PBXFileReference; explicitFileType = wrapper.application; includeInIndex = 0; path = Example.app; sourceTree = BUILT_PRODUCTS_DIR; };
		7C33BF722CD0FFD500CC5CDA /* ExampleTests.xctest */ = {isa = PBXFileReference; explicitFileType = wrapper.cfbundle; includeInIndex = 0; path = ExampleTests.xctest; sourceTree = BUILT_PRODUCTS_DIR; };
		7C33BF7C2CD0FFD500CC5CDA /* ExampleUITests.xctest */ = {isa = PBXFileReference; explicitFileType = wrapper.cfbundle; includeInIndex = 0; path = ExampleUITests.xctest; sourceTree = BUILT_PRODUCTS_DIR; };
		7C33BF8F2CD1004A00CC5CDA /* Preview Assets.xcassets */ = {isa = PBXFileReference; lastKnownFileType = folder.assetcatalog; path = "Preview Assets.xcassets"; sourceTree = "<group>"; };
		7C33BF912CD1004A00CC5CDA /* Assets.xcassets */ = {isa = PBXFileReference; lastKnownFileType = folder.assetcatalog; path = Assets.xcassets; sourceTree = "<group>"; };
		7C33BF922CD1004A00CC5CDA /* ContentView.swift */ = {isa = PBXFileReference; lastKnownFileType = sourcecode.swift; path = ContentView.swift; sourceTree = "<group>"; };
		7C33BF932CD1004A00CC5CDA /* Example.entitlements */ = {isa = PBXFileReference; lastKnownFileType = text.plist.entitlements; path = Example.entitlements; sourceTree = "<group>"; };
		7C33BF942CD1004A00CC5CDA /* ExampleApp.swift */ = {isa = PBXFileReference; lastKnownFileType = sourcecode.swift; path = ExampleApp.swift; sourceTree = "<group>"; };
		7C33BF9A2CD1004C00CC5CDA /* ExampleTests.swift */ = {isa = PBXFileReference; lastKnownFileType = sourcecode.swift; path = ExampleTests.swift; sourceTree = "<group>"; };
		7C33BF9D2CD1004F00CC5CDA /* ExampleUITests.swift */ = {isa = PBXFileReference; lastKnownFileType = sourcecode.swift; path = ExampleUITests.swift; sourceTree = "<group>"; };
		7C33BF9E2CD1004F00CC5CDA /* ExampleUITestsLaunchTests.swift */ = {isa = PBXFileReference; lastKnownFileType = sourcecode.swift; path = ExampleUITestsLaunchTests.swift; sourceTree = "<group>"; };
		AD210D84C48A07D0B98D6CF4 /* Pods-Example.debug.xcconfig */ = {isa = PBXFileReference; includeInIndex = 1; lastKnownFileType = text.xcconfig; name = "Pods-Example.debug.xcconfig"; path = "Target Support Files/Pods-Example/Pods-Example.debug.xcconfig"; sourceTree = "<group>"; };
		B09175309C615B82B4364B64 /* Pods_Example.framework */ = {isa = PBXFileReference; explicitFileType = wrapper.framework; includeInIndex = 0; path = Pods_Example.framework; sourceTree = BUILT_PRODUCTS_DIR; };
		B6C89CC95B560C634219CC77 /* Pods_Example_ExampleUITests.framework */ = {isa = PBXFileReference; explicitFileType = wrapper.framework; includeInIndex = 0; path = Pods_Example_ExampleUITests.framework; sourceTree = BUILT_PRODUCTS_DIR; };
/* End PBXFileReference section */

/* Begin PBXFrameworksBuildPhase section */
		7C33BF5E2CD0FFD100CC5CDA /* Frameworks */ = {
			isa = PBXFrameworksBuildPhase;
			buildActionMask = 2147483647;
			files = (
				65EF34B45CFCB6C05B091151 /* Pods_Example.framework in Frameworks */,
			);
			runOnlyForDeploymentPostprocessing = 0;
		};
		7C33BF6F2CD0FFD500CC5CDA /* Frameworks */ = {
			isa = PBXFrameworksBuildPhase;
			buildActionMask = 2147483647;
			files = (
				816240A8B3DE42AE43C1187C /* Pods_ExampleTests.framework in Frameworks */,
			);
			runOnlyForDeploymentPostprocessing = 0;
		};
		7C33BF792CD0FFD500CC5CDA /* Frameworks */ = {
			isa = PBXFrameworksBuildPhase;
			buildActionMask = 2147483647;
			files = (
				725B402F5A92E8F7C75BEC40 /* Pods_Example_ExampleUITests.framework in Frameworks */,
			);
			runOnlyForDeploymentPostprocessing = 0;
		};
/* End PBXFrameworksBuildPhase section */

/* Begin PBXGroup section */
		45FDDBFDE2CDF081F068B317 /* Pods */ = {
			isa = PBXGroup;
			children = (
				AD210D84C48A07D0B98D6CF4 /* Pods-Example.debug.xcconfig */,
				130EB26B3CF46984AE46EFB2 /* Pods-Example.release.xcconfig */,
				26FDCAE47BEAE432995847E9 /* Pods-Example-ExampleUITests.debug.xcconfig */,
				2A2E56E857F04AA39F95E688 /* Pods-Example-ExampleUITests.release.xcconfig */,
				177109C45C7684193B854DB0 /* Pods-ExampleTests.debug.xcconfig */,
				297A0C7009547FFFBE73495E /* Pods-ExampleTests.release.xcconfig */,
			);
			name = Pods;
			path = Pods;
			sourceTree = "<group>";
		};
		7C33BF582CD0FFD100CC5CDA = {
			isa = PBXGroup;
			children = (
				7C33BF952CD1004A00CC5CDA /* Example */,
				7C33BF9B2CD1004C00CC5CDA /* ExampleTests */,
				7C33BF9F2CD1004F00CC5CDA /* ExampleUITests */,
				7C33BF622CD0FFD100CC5CDA /* Products */,
				45FDDBFDE2CDF081F068B317 /* Pods */,
				FC44C06DF8EBFB5CA090C741 /* Frameworks */,
			);
			sourceTree = "<group>";
		};
		7C33BF622CD0FFD100CC5CDA /* Products */ = {
			isa = PBXGroup;
			children = (
				7C33BF612CD0FFD100CC5CDA /* Example.app */,
				7C33BF722CD0FFD500CC5CDA /* ExampleTests.xctest */,
				7C33BF7C2CD0FFD500CC5CDA /* ExampleUITests.xctest */,
			);
			name = Products;
			sourceTree = "<group>";
		};
		7C33BF902CD1004A00CC5CDA /* Preview Content */ = {
			isa = PBXGroup;
			children = (
				7C33BF8F2CD1004A00CC5CDA /* Preview Assets.xcassets */,
			);
			path = "Preview Content";
			sourceTree = "<group>";
		};
		7C33BF952CD1004A00CC5CDA /* Example */ = {
			isa = PBXGroup;
			children = (
				7C33BF902CD1004A00CC5CDA /* Preview Content */,
				7C33BF912CD1004A00CC5CDA /* Assets.xcassets */,
				7C33BF922CD1004A00CC5CDA /* ContentView.swift */,
				7C33BF932CD1004A00CC5CDA /* Example.entitlements */,
				7C33BF942CD1004A00CC5CDA /* ExampleApp.swift */,
			);
			path = Example;
			sourceTree = "<group>";
		};
		7C33BF9B2CD1004C00CC5CDA /* ExampleTests */ = {
			isa = PBXGroup;
			children = (
				7C33BF9A2CD1004C00CC5CDA /* ExampleTests.swift */,
			);
			path = ExampleTests;
			sourceTree = "<group>";
		};
		7C33BF9F2CD1004F00CC5CDA /* ExampleUITests */ = {
			isa = PBXGroup;
			children = (
				7C33BF9D2CD1004F00CC5CDA /* ExampleUITests.swift */,
				7C33BF9E2CD1004F00CC5CDA /* ExampleUITestsLaunchTests.swift */,
			);
			path = ExampleUITests;
			sourceTree = "<group>";
		};
		FC44C06DF8EBFB5CA090C741 /* Frameworks */ = {
			isa = PBXGroup;
			children = (
				B09175309C615B82B4364B64 /* Pods_Example.framework */,
				B6C89CC95B560C634219CC77 /* Pods_Example_ExampleUITests.framework */,
				4DFB234159EE78C51A3AE3D2 /* Pods_ExampleTests.framework */,
			);
			name = Frameworks;
			sourceTree = "<group>";
		};
/* End PBXGroup section */

/* Begin PBXNativeTarget section */
		7C33BF602CD0FFD100CC5CDA /* Example */ = {
			isa = PBXNativeTarget;
			buildConfigurationList = 7C33BF862CD0FFD500CC5CDA /* Build configuration list for PBXNativeTarget "Example" */;
			buildPhases = (
				9964AC4CC70064B907DE8FCC /* [CP] Check Pods Manifest.lock */,
				7C33BF5D2CD0FFD100CC5CDA /* Sources */,
				7C33BF5E2CD0FFD100CC5CDA /* Frameworks */,
				7C33BF5F2CD0FFD100CC5CDA /* Resources */,
			);
			buildRules = (
			);
			dependencies = (
			);
			name = Example;
			productName = Example;
			productReference = 7C33BF612CD0FFD100CC5CDA /* Example.app */;
			productType = "com.apple.product-type.application";
		};
		7C33BF712CD0FFD500CC5CDA /* ExampleTests */ = {
			isa = PBXNativeTarget;
			buildConfigurationList = 7C33BF892CD0FFD500CC5CDA /* Build configuration list for PBXNativeTarget "ExampleTests" */;
			buildPhases = (
				456E191F23566AACBB63451A /* [CP] Check Pods Manifest.lock */,
				7C33BF6E2CD0FFD500CC5CDA /* Sources */,
				7C33BF6F2CD0FFD500CC5CDA /* Frameworks */,
				7C33BF702CD0FFD500CC5CDA /* Resources */,
			);
			buildRules = (
			);
			dependencies = (
				7C33BF742CD0FFD500CC5CDA /* PBXTargetDependency */,
			);
			name = ExampleTests;
			productName = ExampleTests;
			productReference = 7C33BF722CD0FFD500CC5CDA /* ExampleTests.xctest */;
			productType = "com.apple.product-type.bundle.unit-test";
		};
		7C33BF7B2CD0FFD500CC5CDA /* ExampleUITests */ = {
			isa = PBXNativeTarget;
			buildConfigurationList = 7C33BF8C2CD0FFD500CC5CDA /* Build configuration list for PBXNativeTarget "ExampleUITests" */;
			buildPhases = (
				3640C747B39CB784B2B92926 /* [CP] Check Pods Manifest.lock */,
				7C33BF782CD0FFD500CC5CDA /* Sources */,
				7C33BF792CD0FFD500CC5CDA /* Frameworks */,
				7C33BF7A2CD0FFD500CC5CDA /* Resources */,
			);
			buildRules = (
			);
			dependencies = (
				7C33BF7E2CD0FFD500CC5CDA /* PBXTargetDependency */,
			);
			name = ExampleUITests;
			productName = ExampleUITests;
			productReference = 7C33BF7C2CD0FFD500CC5CDA /* ExampleUITests.xctest */;
			productType = "com.apple.product-type.bundle.ui-testing";
		};
/* End PBXNativeTarget section */

/* Begin PBXProject section */
		7C33BF592CD0FFD100CC5CDA /* Project object */ = {
			isa = PBXProject;
			attributes = {
				BuildIndependentTargetsInParallel = 1;
				LastSwiftUpdateCheck = 1600;
				LastUpgradeCheck = 1600;
				TargetAttributes = {
					7C33BF602CD0FFD100CC5CDA = {
						CreatedOnToolsVersion = 16.0;
					};
					7C33BF712CD0FFD500CC5CDA = {
						CreatedOnToolsVersion = 16.0;
						TestTargetID = 7C33BF602CD0FFD100CC5CDA;
					};
					7C33BF7B2CD0FFD500CC5CDA = {
						CreatedOnToolsVersion = 16.0;
						TestTargetID = 7C33BF602CD0FFD100CC5CDA;
					};
				};
			};
			buildConfigurationList = 7C33BF5C2CD0FFD100CC5CDA /* Build configuration list for PBXProject "Example" */;
			compatibilityVersion = "Xcode 15.3";
			developmentRegion = en;
			hasScannedForEncodings = 0;
			knownRegions = (
				en,
				Base,
			);
			mainGroup = 7C33BF582CD0FFD100CC5CDA;
			minimizedProjectReferenceProxies = 1;
			productRefGroup = 7C33BF622CD0FFD100CC5CDA /* Products */;
			projectDirPath = "";
			projectRoot = "";
			targets = (
				7C33BF602CD0FFD100CC5CDA /* Example */,
				7C33BF712CD0FFD500CC5CDA /* ExampleTests */,
				7C33BF7B2CD0FFD500CC5CDA /* ExampleUITests */,
			);
		};
/* End PBXProject section */

/* Begin PBXResourcesBuildPhase section */
		7C33BF5F2CD0FFD100CC5CDA /* Resources */ = {
			isa = PBXResourcesBuildPhase;
			buildActionMask = 2147483647;
			files = (
				7C33BF962CD1004A00CC5CDA /* Preview Assets.xcassets in Resources */,
				7C33BF972CD1004A00CC5CDA /* Assets.xcassets in Resources */,
			);
			runOnlyForDeploymentPostprocessing = 0;
		};
		7C33BF702CD0FFD500CC5CDA /* Resources */ = {
			isa = PBXResourcesBuildPhase;
			buildActionMask = 2147483647;
			files = (
			);
			runOnlyForDeploymentPostprocessing = 0;
		};
		7C33BF7A2CD0FFD500CC5CDA /* Resources */ = {
			isa = PBXResourcesBuildPhase;
			buildActionMask = 2147483647;
			files = (
			);
			runOnlyForDeploymentPostprocessing = 0;
		};
/* End PBXResourcesBuildPhase section */

/* Begin PBXShellScriptBuildPhase section */
		3640C747B39CB784B2B92926 /* [CP] Check Pods Manifest.lock */ = {
			isa = PBXShellScriptBuildPhase;
			buildActionMask = 2147483647;
			files = (
			);
			inputFileListPaths = (
			);
			inputPaths = (
				"${PODS_PODFILE_DIR_PATH}/Podfile.lock",
				"${PODS_ROOT}/Manifest.lock",
			);
			name = "[CP] Check Pods Manifest.lock";
			outputFileListPaths = (
			);
			outputPaths = (
				"$(DERIVED_FILE_DIR)/Pods-Example-ExampleUITests-checkManifestLockResult.txt",
			);
			runOnlyForDeploymentPostprocessing = 0;
			shellPath = /bin/sh;
			shellScript = "diff \"${PODS_PODFILE_DIR_PATH}/Podfile.lock\" \"${PODS_ROOT}/Manifest.lock\" > /dev/null\nif [ $? != 0 ] ; then\n    # print error to STDERR\n    echo \"error: The sandbox is not in sync with the Podfile.lock. Run 'pod install' or update your CocoaPods installation.\" >&2\n    exit 1\nfi\n# This output is used by Xcode 'outputs' to avoid re-running this script phase.\necho \"SUCCESS\" > \"${SCRIPT_OUTPUT_FILE_0}\"\n";
			showEnvVarsInLog = 0;
		};
		456E191F23566AACBB63451A /* [CP] Check Pods Manifest.lock */ = {
			isa = PBXShellScriptBuildPhase;
			buildActionMask = 2147483647;
			files = (
			);
			inputFileListPaths = (
			);
			inputPaths = (
				"${PODS_PODFILE_DIR_PATH}/Podfile.lock",
				"${PODS_ROOT}/Manifest.lock",
			);
			name = "[CP] Check Pods Manifest.lock";
			outputFileListPaths = (
			);
			outputPaths = (
				"$(DERIVED_FILE_DIR)/Pods-ExampleTests-checkManifestLockResult.txt",
			);
			runOnlyForDeploymentPostprocessing = 0;
			shellPath = /bin/sh;
			shellScript = "diff \"${PODS_PODFILE_DIR_PATH}/Podfile.lock\" \"${PODS_ROOT}/Manifest.lock\" > /dev/null\nif [ $? != 0 ] ; then\n    # print error to STDERR\n    echo \"error: The sandbox is not in sync with the Podfile.lock. Run 'pod install' or update your CocoaPods installation.\" >&2\n    exit 1\nfi\n# This output is used by Xcode 'outputs' to avoid re-running this script phase.\necho \"SUCCESS\" > \"${SCRIPT_OUTPUT_FILE_0}\"\n";
			showEnvVarsInLog = 0;
		};
		9964AC4CC70064B907DE8FCC /* [CP] Check Pods Manifest.lock */ = {
			isa = PBXShellScriptBuildPhase;
			buildActionMask = 2147483647;
			files = (
			);
			inputFileListPaths = (
			);
			inputPaths = (
				"${PODS_PODFILE_DIR_PATH}/Podfile.lock",
				"${PODS_ROOT}/Manifest.lock",
			);
			name = "[CP] Check Pods Manifest.lock";
			outputFileListPaths = (
			);
			outputPaths = (
				"$(DERIVED_FILE_DIR)/Pods-Example-checkManifestLockResult.txt",
			);
			runOnlyForDeploymentPostprocessing = 0;
			shellPath = /bin/sh;
			shellScript = "diff \"${PODS_PODFILE_DIR_PATH}/Podfile.lock\" \"${PODS_ROOT}/Manifest.lock\" > /dev/null\nif [ $? != 0 ] ; then\n    # print error to STDERR\n    echo \"error: The sandbox is not in sync with the Podfile.lock. Run 'pod install' or update your CocoaPods installation.\" >&2\n    exit 1\nfi\n# This output is used by Xcode 'outputs' to avoid re-running this script phase.\necho \"SUCCESS\" > \"${SCRIPT_OUTPUT_FILE_0}\"\n";
			showEnvVarsInLog = 0;
		};
/* End PBXShellScriptBuildPhase section */

/* Begin PBXSourcesBuildPhase section */
		7C33BF5D2CD0FFD100CC5CDA /* Sources */ = {
			isa = PBXSourcesBuildPhase;
			buildActionMask = 2147483647;
			files = (
				7C33BF982CD1004A00CC5CDA /* ContentView.swift in Sources */,
				7C33BF992CD1004A00CC5CDA /* ExampleApp.swift in Sources */,
			);
			runOnlyForDeploymentPostprocessing = 0;
		};
		7C33BF6E2CD0FFD500CC5CDA /* Sources */ = {
			isa = PBXSourcesBuildPhase;
			buildActionMask = 2147483647;
			files = (
				7C33BF9C2CD1004C00CC5CDA /* ExampleTests.swift in Sources */,
			);
			runOnlyForDeploymentPostprocessing = 0;
		};
		7C33BF782CD0FFD500CC5CDA /* Sources */ = {
			isa = PBXSourcesBuildPhase;
			buildActionMask = 2147483647;
			files = (
				7C33BFA02CD1004F00CC5CDA /* ExampleUITests.swift in Sources */,
				7C33BFA12CD1004F00CC5CDA /* ExampleUITestsLaunchTests.swift in Sources */,
			);
			runOnlyForDeploymentPostprocessing = 0;
		};
/* End PBXSourcesBuildPhase section */

/* Begin PBXTargetDependency section */
		7C33BF742CD0FFD500CC5CDA /* PBXTargetDependency */ = {
			isa = PBXTargetDependency;
			target = 7C33BF602CD0FFD100CC5CDA /* Example */;
			targetProxy = 7C33BF732CD0FFD500CC5CDA /* PBXContainerItemProxy */;
		};
		7C33BF7E2CD0FFD500CC5CDA /* PBXTargetDependency */ = {
			isa = PBXTargetDependency;
			target = 7C33BF602CD0FFD100CC5CDA /* Example */;
			targetProxy = 7C33BF7D2CD0FFD500CC5CDA /* PBXContainerItemProxy */;
		};
/* End PBXTargetDependency section */

/* Begin XCBuildConfiguration section */
		7C33BF842CD0FFD500CC5CDA /* Debug */ = {
			isa = XCBuildConfiguration;
			buildSettings = {
				ALWAYS_SEARCH_USER_PATHS = NO;
				ASSETCATALOG_COMPILER_GENERATE_SWIFT_ASSET_SYMBOL_EXTENSIONS = YES;
				CLANG_ANALYZER_NONNULL = YES;
				CLANG_ANALYZER_NUMBER_OBJECT_CONVERSION = YES_AGGRESSIVE;
				CLANG_CXX_LANGUAGE_STANDARD = "gnu++20";
				CLANG_ENABLE_MODULES = YES;
				CLANG_ENABLE_OBJC_ARC = YES;
				CLANG_ENABLE_OBJC_WEAK = YES;
				CLANG_WARN_BLOCK_CAPTURE_AUTORELEASING = YES;
				CLANG_WARN_BOOL_CONVERSION = YES;
				CLANG_WARN_COMMA = YES;
				CLANG_WARN_CONSTANT_CONVERSION = YES;
				CLANG_WARN_DEPRECATED_OBJC_IMPLEMENTATIONS = YES;
				CLANG_WARN_DIRECT_OBJC_ISA_USAGE = YES_ERROR;
				CLANG_WARN_DOCUMENTATION_COMMENTS = YES;
				CLANG_WARN_EMPTY_BODY = YES;
				CLANG_WARN_ENUM_CONVERSION = YES;
				CLANG_WARN_INFINITE_RECURSION = YES;
				CLANG_WARN_INT_CONVERSION = YES;
				CLANG_WARN_NON_LITERAL_NULL_CONVERSION = YES;
				CLANG_WARN_OBJC_IMPLICIT_RETAIN_SELF = YES;
				CLANG_WARN_OBJC_LITERAL_CONVERSION = YES;
				CLANG_WARN_OBJC_ROOT_CLASS = YES_ERROR;
				CLANG_WARN_QUOTED_INCLUDE_IN_FRAMEWORK_HEADER = YES;
				CLANG_WARN_RANGE_LOOP_ANALYSIS = YES;
				CLANG_WARN_STRICT_PROTOTYPES = YES;
				CLANG_WARN_SUSPICIOUS_MOVE = YES;
				CLANG_WARN_UNGUARDED_AVAILABILITY = YES_AGGRESSIVE;
				CLANG_WARN_UNREACHABLE_CODE = YES;
				CLANG_WARN__DUPLICATE_METHOD_MATCH = YES;
				COPY_PHASE_STRIP = NO;
				DEBUG_INFORMATION_FORMAT = dwarf;
				ENABLE_STRICT_OBJC_MSGSEND = YES;
				ENABLE_TESTABILITY = YES;
				ENABLE_USER_SCRIPT_SANDBOXING = YES;
				GCC_C_LANGUAGE_STANDARD = gnu17;
				GCC_DYNAMIC_NO_PIC = NO;
				GCC_NO_COMMON_BLOCKS = YES;
				GCC_OPTIMIZATION_LEVEL = 0;
				GCC_PREPROCESSOR_DEFINITIONS = (
					"DEBUG=1",
					"$(inherited)",
				);
				GCC_WARN_64_TO_32_BIT_CONVERSION = YES;
				GCC_WARN_ABOUT_RETURN_TYPE = YES_ERROR;
				GCC_WARN_UNDECLARED_SELECTOR = YES;
				GCC_WARN_UNINITIALIZED_AUTOS = YES_AGGRESSIVE;
				GCC_WARN_UNUSED_FUNCTION = YES;
				GCC_WARN_UNUSED_VARIABLE = YES;
				LOCALIZATION_PREFERS_STRING_CATALOGS = YES;
				MACOSX_DEPLOYMENT_TARGET = 15.0;
				MTL_ENABLE_DEBUG_INFO = INCLUDE_SOURCE;
				MTL_FAST_MATH = YES;
				ONLY_ACTIVE_ARCH = YES;
				SDKROOT = macosx;
				SWIFT_ACTIVE_COMPILATION_CONDITIONS = "DEBUG $(inherited)";
				SWIFT_OPTIMIZATION_LEVEL = "-Onone";
			};
			name = Debug;
		};
		7C33BF852CD0FFD500CC5CDA /* Release */ = {
			isa = XCBuildConfiguration;
			buildSettings = {
				ALWAYS_SEARCH_USER_PATHS = NO;
				ASSETCATALOG_COMPILER_GENERATE_SWIFT_ASSET_SYMBOL_EXTENSIONS = YES;
				CLANG_ANALYZER_NONNULL = YES;
				CLANG_ANALYZER_NUMBER_OBJECT_CONVERSION = YES_AGGRESSIVE;
				CLANG_CXX_LANGUAGE_STANDARD = "gnu++20";
				CLANG_ENABLE_MODULES = YES;
				CLANG_ENABLE_OBJC_ARC = YES;
				CLANG_ENABLE_OBJC_WEAK = YES;
				CLANG_WARN_BLOCK_CAPTURE_AUTORELEASING = YES;
				CLANG_WARN_BOOL_CONVERSION = YES;
				CLANG_WARN_COMMA = YES;
				CLANG_WARN_CONSTANT_CONVERSION = YES;
				CLANG_WARN_DEPRECATED_OBJC_IMPLEMENTATIONS = YES;
				CLANG_WARN_DIRECT_OBJC_ISA_USAGE = YES_ERROR;
				CLANG_WARN_DOCUMENTATION_COMMENTS = YES;
				CLANG_WARN_EMPTY_BODY = YES;
				CLANG_WARN_ENUM_CONVERSION = YES;
				CLANG_WARN_INFINITE_RECURSION = YES;
				CLANG_WARN_INT_CONVERSION = YES;
				CLANG_WARN_NON_LITERAL_NULL_CONVERSION = YES;
				CLANG_WARN_OBJC_IMPLICIT_RETAIN_SELF = YES;
				CLANG_WARN_OBJC_LITERAL_CONVERSION = YES;
				CLANG_WARN_OBJC_ROOT_CLASS = YES_ERROR;
				CLANG_WARN_QUOTED_INCLUDE_IN_FRAMEWORK_HEADER = YES;
				CLANG_WARN_RANGE_LOOP_ANALYSIS = YES;
				CLANG_WARN_STRICT_PROTOTYPES = YES;
				CLANG_WARN_SUSPICIOUS_MOVE = YES;
				CLANG_WARN_UNGUARDED_AVAILABILITY = YES_AGGRESSIVE;
				CLANG_WARN_UNREACHABLE_CODE = YES;
				CLANG_WARN__DUPLICATE_METHOD_MATCH = YES;
				COPY_PHASE_STRIP = NO;
				DEBUG_INFORMATION_FORMAT = "dwarf-with-dsym";
				ENABLE_NS_ASSERTIONS = NO;
				ENABLE_STRICT_OBJC_MSGSEND = YES;
				ENABLE_USER_SCRIPT_SANDBOXING = YES;
				GCC_C_LANGUAGE_STANDARD = gnu17;
				GCC_NO_COMMON_BLOCKS = YES;
				GCC_WARN_64_TO_32_BIT_CONVERSION = YES;
				GCC_WARN_ABOUT_RETURN_TYPE = YES_ERROR;
				GCC_WARN_UNDECLARED_SELECTOR = YES;
				GCC_WARN_UNINITIALIZED_AUTOS = YES_AGGRESSIVE;
				GCC_WARN_UNUSED_FUNCTION = YES;
				GCC_WARN_UNUSED_VARIABLE = YES;
				LOCALIZATION_PREFERS_STRING_CATALOGS = YES;
				MACOSX_DEPLOYMENT_TARGET = 15.0;
				MTL_ENABLE_DEBUG_INFO = NO;
				MTL_FAST_MATH = YES;
				SDKROOT = macosx;
				SWIFT_COMPILATION_MODE = wholemodule;
			};
			name = Release;
		};
		7C33BF872CD0FFD500CC5CDA /* Debug */ = {
			isa = XCBuildConfiguration;
			baseConfigurationReference = AD210D84C48A07D0B98D6CF4 /* Pods-Example.debug.xcconfig */;
			buildSettings = {
				ASSETCATALOG_COMPILER_APPICON_NAME = AppIcon;
				ASSETCATALOG_COMPILER_GLOBAL_ACCENT_COLOR_NAME = AccentColor;
				CODE_SIGN_ENTITLEMENTS = Example/Example.entitlements;
				CODE_SIGN_STYLE = Automatic;
				COMBINE_HIDPI_IMAGES = YES;
				CURRENT_PROJECT_VERSION = 1;
				DEVELOPMENT_ASSET_PATHS = "\"Example/Preview Content\"";
				ENABLE_PREVIEWS = YES;
				GENERATE_INFOPLIST_FILE = YES;
				INFOPLIST_KEY_NSHumanReadableCopyright = "";
				LD_RUNPATH_SEARCH_PATHS = (
					"$(inherited)",
					"@executable_path/../Frameworks",
				);
				MARKETING_VERSION = 1.0;
				PRODUCT_BUNDLE_IDENTIFIER = com.fly.Example;
				PRODUCT_NAME = "$(TARGET_NAME)";
				SWIFT_EMIT_LOC_STRINGS = YES;
				SWIFT_VERSION = 5.0;
			};
			name = Debug;
		};
		7C33BF882CD0FFD500CC5CDA /* Release */ = {
			isa = XCBuildConfiguration;
			baseConfigurationReference = 130EB26B3CF46984AE46EFB2 /* Pods-Example.release.xcconfig */;
			buildSettings = {
				ASSETCATALOG_COMPILER_APPICON_NAME = AppIcon;
				ASSETCATALOG_COMPILER_GLOBAL_ACCENT_COLOR_NAME = AccentColor;
				CODE_SIGN_ENTITLEMENTS = Example/Example.entitlements;
				CODE_SIGN_STYLE = Automatic;
				COMBINE_HIDPI_IMAGES = YES;
				CURRENT_PROJECT_VERSION = 1;
				DEVELOPMENT_ASSET_PATHS = "\"Example/Preview Content\"";
				ENABLE_PREVIEWS = YES;
				GENERATE_INFOPLIST_FILE = YES;
				INFOPLIST_KEY_NSHumanReadableCopyright = "";
				LD_RUNPATH_SEARCH_PATHS = (
					"$(inherited)",
					"@executable_path/../Frameworks",
				);
				MARKETING_VERSION = 1.0;
				PRODUCT_BUNDLE_IDENTIFIER = com.fly.Example;
				PRODUCT_NAME = "$(TARGET_NAME)";
				SWIFT_EMIT_LOC_STRINGS = YES;
				SWIFT_VERSION = 5.0;
			};
			name = Release;
		};
		7C33BF8A2CD0FFD500CC5CDA /* Debug */ = {
			isa = XCBuildConfiguration;
			baseConfigurationReference = 177109C45C7684193B854DB0 /* Pods-ExampleTests.debug.xcconfig */;
			buildSettings = {
				BUNDLE_LOADER = "$(TEST_HOST)";
				CODE_SIGN_STYLE = Automatic;
				CURRENT_PROJECT_VERSION = 1;
				GENERATE_INFOPLIST_FILE = YES;
				MACOSX_DEPLOYMENT_TARGET = 15.0;
				MARKETING_VERSION = 1.0;
				PRODUCT_BUNDLE_IDENTIFIER = com.fly.ExampleTests;
				PRODUCT_NAME = "$(TARGET_NAME)";
				SWIFT_EMIT_LOC_STRINGS = NO;
				SWIFT_VERSION = 5.0;
				TEST_HOST = "$(BUILT_PRODUCTS_DIR)/Example.app/$(BUNDLE_EXECUTABLE_FOLDER_PATH)/Example";
			};
			name = Debug;
		};
		7C33BF8B2CD0FFD500CC5CDA /* Release */ = {
			isa = XCBuildConfiguration;
			baseConfigurationReference = 297A0C7009547FFFBE73495E /* Pods-ExampleTests.release.xcconfig */;
			buildSettings = {
				BUNDLE_LOADER = "$(TEST_HOST)";
				CODE_SIGN_STYLE = Automatic;
				CURRENT_PROJECT_VERSION = 1;
				GENERATE_INFOPLIST_FILE = YES;
				MACOSX_DEPLOYMENT_TARGET = 15.0;
				MARKETING_VERSION = 1.0;
				PRODUCT_BUNDLE_IDENTIFIER = com.fly.ExampleTests;
				PRODUCT_NAME = "$(TARGET_NAME)";
				SWIFT_EMIT_LOC_STRINGS = NO;
				SWIFT_VERSION = 5.0;
				TEST_HOST = "$(BUILT_PRODUCTS_DIR)/Example.app/$(BUNDLE_EXECUTABLE_FOLDER_PATH)/Example";
			};
			name = Release;
		};
		7C33BF8D2CD0FFD500CC5CDA /* Debug */ = {
			isa = XCBuildConfiguration;
			baseConfigurationReference = 26FDCAE47BEAE432995847E9 /* Pods-Example-ExampleUITests.debug.xcconfig */;
			buildSettings = {
				CODE_SIGN_STYLE = Automatic;
				CURRENT_PROJECT_VERSION = 1;
				GENERATE_INFOPLIST_FILE = YES;
				MARKETING_VERSION = 1.0;
				PRODUCT_BUNDLE_IDENTIFIER = com.fly.ExampleUITests;
				PRODUCT_NAME = "$(TARGET_NAME)";
				SWIFT_EMIT_LOC_STRINGS = NO;
				SWIFT_VERSION = 5.0;
				TEST_TARGET_NAME = Example;
			};
			name = Debug;
		};
		7C33BF8E2CD0FFD500CC5CDA /* Release */ = {
			isa = XCBuildConfiguration;
			baseConfigurationReference = 2A2E56E857F04AA39F95E688 /* Pods-Example-ExampleUITests.release.xcconfig */;
			buildSettings = {
				CODE_SIGN_STYLE = Automatic;
				CURRENT_PROJECT_VERSION = 1;
				GENERATE_INFOPLIST_FILE = YES;
				MARKETING_VERSION = 1.0;
				PRODUCT_BUNDLE_IDENTIFIER = com.fly.ExampleUITests;
				PRODUCT_NAME = "$(TARGET_NAME)";
				SWIFT_EMIT_LOC_STRINGS = NO;
				SWIFT_VERSION = 5.0;
				TEST_TARGET_NAME = Example;
			};
			name = Release;
		};
/* End XCBuildConfiguration section */

/* Begin XCConfigurationList section */
		7C33BF5C2CD0FFD100CC5CDA /* Build configuration list for PBXProject "Example" */ = {
			isa = XCConfigurationList;
			buildConfigurations = (
				7C33BF842CD0FFD500CC5CDA /* Debug */,
				7C33BF852CD0FFD500CC5CDA /* Release */,
			);
			defaultConfigurationIsVisible = 0;
			defaultConfigurationName = Release;
		};
		7C33BF862CD0FFD500CC5CDA /* Build configuration list for PBXNativeTarget "Example" */ = {
			isa = XCConfigurationList;
			buildConfigurations = (
				7C33BF872CD0FFD500CC5CDA /* Debug */,
				7C33BF882CD0FFD500CC5CDA /* Release */,
			);
			defaultConfigurationIsVisible = 0;
			defaultConfigurationName = Release;
		};
		7C33BF892CD0FFD500CC5CDA /* Build configuration list for PBXNativeTarget "ExampleTests" */ = {
			isa = XCConfigurationList;
			buildConfigurations = (
				7C33BF8A2CD0FFD500CC5CDA /* Debug */,
				7C33BF8B2CD0FFD500CC5CDA /* Release */,
			);
			defaultConfigurationIsVisible = 0;
			defaultConfigurationName = Release;
		};
		7C33BF8C2CD0FFD500CC5CDA /* Build configuration list for PBXNativeTarget "ExampleUITests" */ = {
			isa = XCConfigurationList;
			buildConfigurations = (
				7C33BF8D2CD0FFD500CC5CDA /* Debug */,
				7C33BF8E2CD0FFD500CC5CDA /* Release */,
			);
			defaultConfigurationIsVisible = 0;
			defaultConfigurationName = Release;
		};
/* End XCConfigurationList section */
	};
	rootObject = 7C33BF592CD0FFD100CC5CDA /* Project object */;
}
